// !$*UTF8*$!
{
	archiveVersion = 1;
	classes = {
	};
	objectVersion = 77;
	objects = {

/* Begin PBXBuildFile section */
		2217D7A62FA605C900DEE75C /* InventoryViewModel.swift in Sources */ = {isa = PBXBuildFile; fileRef = 2266E6632FA3AB9D0052495D /* InventoryViewModel.swift */; };
		2217D7A72FA6062900DEE75C /* InventoryItem.swift in Sources */ = {isa = PBXBuildFile; fileRef = 2266E6622FA3AA920052495D /* InventoryItem.swift */; };
		2217D7AA2FA60C1700DEE75C /* cafe_managerApp.swift in Sources */ = {isa = PBXBuildFile; fileRef = 2217D7A92FA60BF300DEE75C /* cafe_managerApp.swift */; };
		2266E6552FA3A8C30052495D /* ContentView.swift in Sources */ = {isa = PBXBuildFile; fileRef = 2266E6542FA3A8C30052495D /* ContentView.swift */; };
		2266E6652FA3AC4D0052495D /* InventoryListView.swift in Sources */ = {isa = PBXBuildFile; fileRef = 2266E6642FA3AC3E0052495D /* InventoryListView.swift */; };
		22761CEA2FA64CF600FF50BB /* EditItemView.swift in Sources */ = {isa = PBXBuildFile; fileRef = 22761CE92FA64CED00FF50BB /* EditItemView.swift */; };
		22761CEC2FA6511200FF50BB /* GoogleService-Info.plist in Resources */ = {isa = PBXBuildFile; fileRef = 22761CEB2FA6511200FF50BB /* GoogleService-Info.plist */; };
		22761CEF2FA6537C00FF50BB /* FirebaseCore in Frameworks */ = {isa = PBXBuildFile; productRef = 22761CEE2FA6537C00FF50BB /* FirebaseCore */; };
		22761CF12FA6537C00FF50BB /* FirebaseFirestore in Frameworks */ = {isa = PBXBuildFile; productRef = 22761CF02FA6537C00FF50BB /* FirebaseFirestore */; };
		22761CF32FA657D700FF50BB /* FirebaseService.swift in Sources */ = {isa = PBXBuildFile; fileRef = 22761CF22FA657D000FF50BB /* FirebaseService.swift */; };
/* End PBXBuildFile section */

/* Begin PBXFileReference section */
		2217D7A92FA60BF300DEE75C /* cafe_managerApp.swift */ = {isa = PBXFileReference; lastKnownFileType = sourcecode.swift; path = cafe_managerApp.swift; sourceTree = "<group>"; };
		2266E64F2FA3A8C30052495D /* cafe manager.app */ = {isa = PBXFileReference; explicitFileType = wrapper.application; includeInIndex = 0; path = "cafe manager.app"; sourceTree = BUILT_PRODUCTS_DIR; };
		2266E6542FA3A8C30052495D /* ContentView.swift */ = {isa = PBXFileReference; lastKnownFileType = sourcecode.swift; path = ContentView.swift; sourceTree = "<group>"; };
		2266E6622FA3AA920052495D /* InventoryItem.swift */ = {isa = PBXFileReference; lastKnownFileType = sourcecode.swift; path = InventoryItem.swift; sourceTree = "<group>"; };
		2266E6632FA3AB9D0052495D /* InventoryViewModel.swift */ = {isa = PBXFileReference; lastKnownFileType = sourcecode.swift; path = InventoryViewModel.swift; sourceTree = "<group>"; };
		2266E6642FA3AC3E0052495D /* InventoryListView.swift */ = {isa = PBXFileReference; lastKnownFileType = sourcecode.swift; path = InventoryListView.swift; sourceTree = "<group>"; };
		22761CE92FA64CED00FF50BB /* EditItemView.swift */ = {isa = PBXFileReference; lastKnownFileType = sourcecode.swift; path = EditItemView.swift; sourceTree = "<group>"; };
		22761CEB2FA6511200FF50BB /* GoogleService-Info.plist */ = {isa = PBXFileReference; lastKnownFileType = text.plist.xml; path = "GoogleService-Info.plist"; sourceTree = "<group>"; };
		22761CF22FA657D000FF50BB /* FirebaseService.swift */ = {isa = PBXFileReference; lastKnownFileType = sourcecode.swift; path = FirebaseService.swift; sourceTree = "<group>"; };
/* End PBXFileReference section */

/* Begin PBXFrameworksBuildPhase section */
		2266E64C2FA3A8C30052495D /* Frameworks */ = {
			isa = PBXFrameworksBuildPhase;
			buildActionMask = 2147483647;
			files = (
				22761CEF2FA6537C00FF50BB /* FirebaseCore in Frameworks */,
				22761CF12FA6537C00FF50BB /* FirebaseFirestore in Frameworks */,
			);
			runOnlyForDeploymentPostprocessing = 0;
		};
/* End PBXFrameworksBuildPhase section */

/* Begin PBXGroup section */
		2266E6462FA3A8C30052495D = {
			isa = PBXGroup;
			children = (
				22761CF22FA657D000FF50BB /* FirebaseService.swift */,
				22761CEB2FA6511200FF50BB /* GoogleService-Info.plist */,
				22761CE92FA64CED00FF50BB /* EditItemView.swift */,
				2217D7A92FA60BF300DEE75C /* cafe_managerApp.swift */,
				2266E6612FA3AA3A0052495D /* Managers */,
				2266E6602FA3AA2B0052495D /* Services */,
				2266E65F2FA3AA0B0052495D /* ViewModels */,
				2266E65E2FA3A9FC0052495D /* Views */,
				2266E65D2FA3A9EB0052495D /* Models */,
				2266E6502FA3A8C30052495D /* Products */,
			);
			sourceTree = "<group>";
		};
		2266E6502FA3A8C30052495D /* Products */ = {
			isa = PBXGroup;
			children = (
				2266E64F2FA3A8C30052495D /* cafe manager.app */,
			);
			name = Products;
			sourceTree = "<group>";
		};
		2266E65D2FA3A9EB0052495D /* Models */ = {
			isa = PBXGroup;
			children = (
				2266E6622FA3AA920052495D /* InventoryItem.swift */,
			);
			path = Models;
			sourceTree = "<group>";
		};
		2266E65E2FA3A9FC0052495D /* Views */ = {
			isa = PBXGroup;
			children = (
				2266E6642FA3AC3E0052495D /* InventoryListView.swift */,
				2266E6542FA3A8C30052495D /* ContentView.swift */,
			);
			path = Views;
			sourceTree = "<group>";
		};
		2266E65F2FA3AA0B0052495D /* ViewModels */ = {
			isa = PBXGroup;
			children = (
				2266E6632FA3AB9D0052495D /* InventoryViewModel.swift */,
			);
			path = ViewModels;
			sourceTree = "<group>";
		};
		2266E6602FA3AA2B0052495D /* Services */ = {
			isa = PBXGroup;
			children = (
			);
			path = Services;
			sourceTree = "<group>";
		};
		2266E6612FA3AA3A0052495D /* Managers */ = {
			isa = PBXGroup;
			children = (
			);
			path = Managers;
			sourceTree = "<group>";
		};
/* End PBXGroup section */

/* Begin PBXNativeTarget section */
		2266E64E2FA3A8C30052495D /* cafe manager */ = {
			isa = PBXNativeTarget;
			buildConfigurationList = 2266E65A2FA3A8C40052495D /* Build configuration list for PBXNativeTarget "cafe manager" */;
			buildPhases = (
				2266E64B2FA3A8C30052495D /* Sources */,
				2266E64C2FA3A8C30052495D /* Frameworks */,
				2266E64D2FA3A8C30052495D /* Resources */,
			);
			buildRules = (
			);
			dependencies = (
			);
			name = "cafe manager";
			packageProductDependencies = (
				22761CEE2FA6537C00FF50BB /* FirebaseCore */,
				22761CF02FA6537C00FF50BB /* FirebaseFirestore */,
			);
			productName = "cafe manager";
			productReference = 2266E64F2FA3A8C30052495D /* cafe manager.app */;
			productType = "com.apple.product-type.application";
		};
/* End PBXNativeTarget section */

/* Begin PBXProject section */
		2266E6472FA3A8C30052495D /* Project object */ = {
			isa = PBXProject;
			attributes = {
				BuildIndependentTargetsInParallel = 1;
				LastSwiftUpdateCheck = 2640;
				LastUpgradeCheck = 2640;
				TargetAttributes = {
					2266E64E2FA3A8C30052495D = {
						CreatedOnToolsVersion = 26.4.1;
					};
				};
			};
			buildConfigurationList = 2266E64A2FA3A8C30052495D /* Build configuration list for PBXProject "cafe manager" */;
			developmentRegion = en;
			hasScannedForEncodings = 0;
			knownRegions = (
				en,
				Base,
			);
			mainGroup = 2266E6462FA3A8C30052495D;
			minimizedProjectReferenceProxies = 1;
			packageReferences = (
				22761CED2FA6537C00FF50BB /* XCRemoteSwiftPackageReference "firebase-ios-sdk" */,
			);
			preferredProjectObjectVersion = 77;
			productRefGroup = 2266E6502FA3A8C30052495D /* Products */;
			projectDirPath = "";
			projectRoot = "";
			targets = (
				2266E64E2FA3A8C30052495D /* cafe manager */,
			);
		};
/* End PBXProject section */

/* Begin PBXResourcesBuildPhase section */
		2266E64D2FA3A8C30052495D /* Resources */ = {
			isa = PBXResourcesBuildPhase;
			buildActionMask = 2147483647;
			files = (
				22761CEC2FA6511200FF50BB /* GoogleService-Info.plist in Resources */,
			);
			runOnlyForDeploymentPostprocessing = 0;
		};
/* End PBXResourcesBuildPhase section */

/* Begin PBXSourcesBuildPhase section */
		2266E64B2FA3A8C30052495D /* Sources */ = {
			isa = PBXSourcesBuildPhase;
			buildActionMask = 2147483647;
			files = (
				2266E6552FA3A8C30052495D /* ContentView.swift in Sources */,
				2217D7A62FA605C900DEE75C /* InventoryViewModel.swift in Sources */,
				2266E6652FA3AC4D0052495D /* InventoryListView.swift in Sources */,
				2217D7A72FA6062900DEE75C /* InventoryItem.swift in Sources */,
				22761CF32FA657D700FF50BB /* FirebaseService.swift in Sources */,
				2217D7AA2FA60C1700DEE75C /* cafe_managerApp.swift in Sources */,
				22761CEA2FA64CF600FF50BB /* EditItemView.swift in Sources */,
			);
			runOnlyForDeploymentPostprocessing = 0;
		};
/* End PBXSourcesBuildPhase section */

/* Begin XCBuildConfiguration section */
		2266E6582FA3A8C40052495D /* Debug */ = {
			isa = XCBuildConfiguration;
			buildSettings = {
				ALWAYS_SEARCH_USER_PATHS = NO;
				ASSETCATALOG_COMPILER_GENERATE_SWIFT_ASSET_SYMBOL_EXTENSIONS = YES;
				CLANG_ANALYZER_NONNULL = YES;
				CLANG_ANALYZER_NUMBER_OBJECT_CONVERSION = YES_AGGRESSIVE;
				CLANG_CXX_LANGUAGE_STANDARD = "gnu++20";
				CLANG_ENABLE_MODULES = YES;
				CLANG_ENABLE_OBJC_ARC = YES;
				CLANG_ENABLE_OBJC_WEAK = YES;
				CLANG_WARN_BLOCK_CAPTURE_AUTORELEASING = YES;
				CLANG_WARN_BOOL_CONVERSION = YES;
				CLANG_WARN_COMMA = YES;
				CLANG_WARN_CONSTANT_CONVERSION = YES;
				CLANG_WARN_DEPRECATED_OBJC_IMPLEMENTATIONS = YES;
				CLANG_WARN_DIRECT_OBJC_ISA_USAGE = YES_ERROR;
				CLANG_WARN_DOCUMENTATION_COMMENTS = YES;
				CLANG_WARN_EMPTY_BODY = YES;
				CLANG_WARN_ENUM_CONVERSION = YES;
				CLANG_WARN_INFINITE_RECURSION = YES;
				CLANG_WARN_INT_CONVERSION = YES;
				CLANG_WARN_NON_LITERAL_NULL_CONVERSION = YES;
				CLANG_WARN_OBJC_IMPLICIT_RETAIN_SELF = YES;
				CLANG_WARN_OBJC_LITERAL_CONVERSION = YES;
				CLANG_WARN_OBJC_ROOT_CLASS = YES_ERROR;
				CLANG_WARN_QUOTED_INCLUDE_IN_FRAMEWORK_HEADER = YES;
				CLANG_WARN_RANGE_LOOP_ANALYSIS = YES;
				CLANG_WARN_STRICT_PROTOTYPES = YES;
				CLANG_WARN_SUSPICIOUS_MOVE = YES;
				CLANG_WARN_UNGUARDED_AVAILABILITY = YES_AGGRESSIVE;
				CLANG_WARN_UNREACHABLE_CODE = YES;
				CLANG_WARN__DUPLICATE_METHOD_MATCH = YES;
				COPY_PHASE_STRIP = NO;
				DEBUG_INFORMATION_FORMAT = dwarf;
				ENABLE_STRICT_OBJC_MSGSEND = YES;
				ENABLE_TESTABILITY = YES;
				ENABLE_USER_SCRIPT_SANDBOXING = YES;
				GCC_C_LANGUAGE_STANDARD = gnu17;
				GCC_DYNAMIC_NO_PIC = NO;
				GCC_NO_COMMON_BLOCKS = YES;
				GCC_OPTIMIZATION_LEVEL = 0;
				GCC_PREPROCESSOR_DEFINITIONS = (
					"DEBUG=1",
					"$(inherited)",
				);
				GCC_WARN_64_TO_32_BIT_CONVERSION = YES;
				GCC_WARN_ABOUT_RETURN_TYPE = YES_ERROR;
				GCC_WARN_UNDECLARED_SELECTOR = YES;
				GCC_WARN_UNINITIALIZED_AUTOS = YES_AGGRESSIVE;
				GCC_WARN_UNUSED_FUNCTION = YES;
				GCC_WARN_UNUSED_VARIABLE = YES;
				LOCALIZATION_PREFERS_STRING_CATALOGS = YES;
				MTL_ENABLE_DEBUG_INFO = INCLUDE_SOURCE;
				MTL_FAST_MATH = YES;
				ONLY_ACTIVE_ARCH = YES;
				SWIFT_ACTIVE_COMPILATION_CONDITIONS = "DEBUG $(inherited)";
				SWIFT_OPTIMIZATION_LEVEL = "-Onone";
			};
			name = Debug;
		};
		2266E6592FA3A8C40052495D /* Release */ = {
			isa = XCBuildConfiguration;
			buildSettings = {
				ALWAYS_SEARCH_USER_PATHS = NO;
				ASSETCATALOG_COMPILER_GENERATE_SWIFT_ASSET_SYMBOL_EXTENSIONS = YES;
				CLANG_ANALYZER_NONNULL = YES;
				CLANG_ANALYZER_NUMBER_OBJECT_CONVERSION = YES_AGGRESSIVE;
				CLANG_CXX_LANGUAGE_STANDARD = "gnu++20";
				CLANG_ENABLE_MODULES = YES;
				CLANG_ENABLE_OBJC_ARC = YES;
				CLANG_ENABLE_OBJC_WEAK = YES;
				CLANG_WARN_BLOCK_CAPTURE_AUTORELEASING = YES;
				CLANG_WARN_BOOL_CONVERSION = YES;
				CLANG_WARN_COMMA = YES;
				CLANG_WARN_CONSTANT_CONVERSION = YES;
				CLANG_WARN_DEPRECATED_OBJC_IMPLEMENTATIONS = YES;
				CLANG_WARN_DIRECT_OBJC_ISA_USAGE = YES_ERROR;
				CLANG_WARN_DOCUMENTATION_COMMENTS = YES;
				CLANG_WARN_EMPTY_BODY = YES;
				CLANG_WARN_ENUM_CONVERSION = YES;
				CLANG_WARN_INFINITE_RECURSION = YES;
				CLANG_WARN_INT_CONVERSION = YES;
				CLANG_WARN_NON_LITERAL_NULL_CONVERSION = YES;
				CLANG_WARN_OBJC_IMPLICIT_RETAIN_SELF = YES;
				CLANG_WARN_OBJC_LITERAL_CONVERSION = YES;
				CLANG_WARN_OBJC_ROOT_CLASS = YES_ERROR;
				CLANG_WARN_QUOTED_INCLUDE_IN_FRAMEWORK_HEADER = YES;
				CLANG_WARN_RANGE_LOOP_ANALYSIS = YES;
				CLANG_WARN_STRICT_PROTOTYPES = YES;
				CLANG_WARN_SUSPICIOUS_MOVE = YES;
				CLANG_WARN_UNGUARDED_AVAILABILITY = YES_AGGRESSIVE;
				CLANG_WARN_UNREACHABLE_CODE = YES;
				CLANG_WARN__DUPLICATE_METHOD_MATCH = YES;
				COPY_PHASE_STRIP = NO;
				DEBUG_INFORMATION_FORMAT = "dwarf-with-dsym";
				ENABLE_NS_ASSERTIONS = NO;
				ENABLE_STRICT_OBJC_MSGSEND = YES;
				ENABLE_USER_SCRIPT_SANDBOXING = YES;
				GCC_C_LANGUAGE_STANDARD = gnu17;
				GCC_NO_COMMON_BLOCKS = YES;
				GCC_WARN_64_TO_32_BIT_CONVERSION = YES;
				GCC_WARN_ABOUT_RETURN_TYPE = YES_ERROR;
				GCC_WARN_UNDECLARED_SELECTOR = YES;
				GCC_WARN_UNINITIALIZED_AUTOS = YES_AGGRESSIVE;
				GCC_WARN_UNUSED_FUNCTION = YES;
				GCC_WARN_UNUSED_VARIABLE = YES;
				LOCALIZATION_PREFERS_STRING_CATALOGS = YES;
				MTL_ENABLE_DEBUG_INFO = NO;
				MTL_FAST_MATH = YES;
				SWIFT_COMPILATION_MODE = wholemodule;
			};
			name = Release;
		};
		2266E65B2FA3A8C40052495D /* Debug */ = {
			isa = XCBuildConfiguration;
			buildSettings = {
				ASSETCATALOG_COMPILER_APPICON_NAME = AppIcon;
				ASSETCATALOG_COMPILER_GLOBAL_ACCENT_COLOR_NAME = AccentColor;
				CODE_SIGN_STYLE = Automatic;
				CURRENT_PROJECT_VERSION = 1;
				ENABLE_APP_SANDBOX = YES;
				ENABLE_PREVIEWS = YES;
				ENABLE_USER_SELECTED_FILES = readonly;
				GENERATE_INFOPLIST_FILE = YES;
				"INFOPLIST_KEY_UIApplicationSceneManifest_Generation[sdk=iphoneos*]" = YES;
				"INFOPLIST_KEY_UIApplicationSceneManifest_Generation[sdk=iphonesimulator*]" = YES;
				"INFOPLIST_KEY_UIApplicationSupportsIndirectInputEvents[sdk=iphoneos*]" = YES;
				"INFOPLIST_KEY_UIApplicationSupportsIndirectInputEvents[sdk=iphonesimulator*]" = YES;
				"INFOPLIST_KEY_UILaunchScreen_Generation[sdk=iphoneos*]" = YES;
				"INFOPLIST_KEY_UILaunchScreen_Generation[sdk=iphonesimulator*]" = YES;
				"INFOPLIST_KEY_UIStatusBarStyle[sdk=iphoneos*]" = UIStatusBarStyleDefault;
				"INFOPLIST_KEY_UIStatusBarStyle[sdk=iphonesimulator*]" = UIStatusBarStyleDefault;
				INFOPLIST_KEY_UISupportedInterfaceOrientations_iPad = "UIInterfaceOrientationPortrait UIInterfaceOrientationPortraitUpsideDown UIInterfaceOrientationLandscapeLeft UIInterfaceOrientationLandscapeRight";
				INFOPLIST_KEY_UISupportedInterfaceOrientations_iPhone = "UIInterfaceOrientationPortrait UIInterfaceOrientationLandscapeLeft UIInterfaceOrientationLandscapeRight";
				IPHONEOS_DEPLOYMENT_TARGET = 26.4;
				LD_RUNPATH_SEARCH_PATHS = "@executable_path/Frameworks";
				"LD_RUNPATH_SEARCH_PATHS[sdk=macosx*]" = "@executable_path/../Frameworks";
				MACOSX_DEPLOYMENT_TARGET = 26.4;
				MARKETING_VERSION = 1.0;
				PRODUCT_BUNDLE_IDENTIFIER = "com.aditya.cafe-manager";
				PRODUCT_NAME = "$(TARGET_NAME)";
				REGISTER_APP_GROUPS = YES;
				SDKROOT = auto;
				STRING_CATALOG_GENERATE_SYMBOLS = YES;
				SUPPORTED_PLATFORMS = "iphoneos iphonesimulator macosx xros xrsimulator";
				SWIFT_APPROACHABLE_CONCURRENCY = YES;
				SWIFT_DEFAULT_ACTOR_ISOLATION = MainActor;
				SWIFT_EMIT_LOC_STRINGS = YES;
				SWIFT_UPCOMING_FEATURE_MEMBER_IMPORT_VISIBILITY = YES;
				SWIFT_VERSION = 5.0;
				TARGETED_DEVICE_FAMILY = "1,2,7";
				XROS_DEPLOYMENT_TARGET = 26.4;
			};
			name = Debug;
		};
		2266E65C2FA3A8C40052495D /* Release */ = {
			isa = XCBuildConfiguration;
			buildSettings = {
				ASSETCATALOG_COMPILER_APPICON_NAME = AppIcon;
				ASSETCATALOG_COMPILER_GLOBAL_ACCENT_COLOR_NAME = AccentColor;
				CODE_SIGN_STYLE = Automatic;
				CURRENT_PROJECT_VERSION = 1;
				ENABLE_APP_SANDBOX = YES;
				ENABLE_PREVIEWS = YES;
				ENABLE_USER_SELECTED_FILES = readonly;
				GENERATE_INFOPLIST_FILE = YES;
				"INFOPLIST_KEY_UIApplicationSceneManifest_Generation[sdk=iphoneos*]" = YES;
				"INFOPLIST_KEY_UIApplicationSceneManifest_Generation[sdk=iphonesimulator*]" = YES;
				"INFOPLIST_KEY_UIApplicationSupportsIndirectInputEvents[sdk=iphoneos*]" = YES;
				"INFOPLIST_KEY_UIApplicationSupportsIndirectInputEvents[sdk=iphonesimulator*]" = YES;
				"INFOPLIST_KEY_UILaunchScreen_Generation[sdk=iphoneos*]" = YES;
				"INFOPLIST_KEY_UILaunchScreen_Generation[sdk=iphonesimulator*]" = YES;
				"INFOPLIST_KEY_UIStatusBarStyle[sdk=iphoneos*]" = UIStatusBarStyleDefault;
				"INFOPLIST_KEY_UIStatusBarStyle[sdk=iphonesimulator*]" = UIStatusBarStyleDefault;
				INFOPLIST_KEY_UISupportedInterfaceOrientations_iPad = "UIInterfaceOrientationPortrait UIInterfaceOrientationPortraitUpsideDown UIInterfaceOrientationLandscapeLeft UIInterfaceOrientationLandscapeRight";
				INFOPLIST_KEY_UISupportedInterfaceOrientations_iPhone = "UIInterfaceOrientationPortrait UIInterfaceOrientationLandscapeLeft UIInterfaceOrientationLandscapeRight";
				IPHONEOS_DEPLOYMENT_TARGET = 26.4;
				LD_RUNPATH_SEARCH_PATHS = "@executable_path/Frameworks";
				"LD_RUNPATH_SEARCH_PATHS[sdk=macosx*]" = "@executable_path/../Frameworks";
				MACOSX_DEPLOYMENT_TARGET = 26.4;
				MARKETING_VERSION = 1.0;
				PRODUCT_BUNDLE_IDENTIFIER = "com.aditya.cafe-manager";
				PRODUCT_NAME = "$(TARGET_NAME)";
				REGISTER_APP_GROUPS = YES;
				SDKROOT = auto;
				STRING_CATALOG_GENERATE_SYMBOLS = YES;
				SUPPORTED_PLATFORMS = "iphoneos iphonesimulator macosx xros xrsimulator";
				SWIFT_APPROACHABLE_CONCURRENCY = YES;
				SWIFT_DEFAULT_ACTOR_ISOLATION = MainActor;
				SWIFT_EMIT_LOC_STRINGS = YES;
				SWIFT_UPCOMING_FEATURE_MEMBER_IMPORT_VISIBILITY = YES;
				SWIFT_VERSION = 5.0;
				TARGETED_DEVICE_FAMILY = "1,2,7";
				XROS_DEPLOYMENT_TARGET = 26.4;
			};
			name = Release;
		};
/* End XCBuildConfiguration section */

/* Begin XCConfigurationList section */
		2266E64A2FA3A8C30052495D /* Build configuration list for PBXProject "cafe manager" */ = {
			isa = XCConfigurationList;
			buildConfigurations = (
				2266E6582FA3A8C40052495D /* Debug */,
				2266E6592FA3A8C40052495D /* Release */,
			);
			defaultConfigurationIsVisible = 0;
			defaultConfigurationName = Release;
		};
		2266E65A2FA3A8C40052495D /* Build configuration list for PBXNativeTarget "cafe manager" */ = {
			isa = XCConfigurationList;
			buildConfigurations = (
				2266E65B2FA3A8C40052495D /* Debug */,
				2266E65C2FA3A8C40052495D /* Release */,
			);
			defaultConfigurationIsVisible = 0;
			defaultConfigurationName = Release;
		};
/* End XCConfigurationList section */

/* Begin XCRemoteSwiftPackageReference section */
		22761CED2FA6537C00FF50BB /* XCRemoteSwiftPackageReference "firebase-ios-sdk" */ = {
			isa = XCRemoteSwiftPackageReference;
			repositoryURL = "https://github.com/firebase/firebase-ios-sdk";
			requirement = {
				kind = upToNextMajorVersion;
				minimumVersion = 12.12.1;
			};
		};
/* End XCRemoteSwiftPackageReference section */

/* Begin XCSwiftPackageProductDependency section */
		22761CEE2FA6537C00FF50BB /* FirebaseCore */ = {
			isa = XCSwiftPackageProductDependency;
			package = 22761CED2FA6537C00FF50BB /* XCRemoteSwiftPackageReference "firebase-ios-sdk" */;
			productName = FirebaseCore;
		};
		22761CF02FA6537C00FF50BB /* FirebaseFirestore */ = {
			isa = XCSwiftPackageProductDependency;
			package = 22761CED2FA6537C00FF50BB /* XCRemoteSwiftPackageReference "firebase-ios-sdk" */;
			productName = FirebaseFirestore;
		};
/* End XCSwiftPackageProductDependency section */
	};
	rootObject = 2266E6472FA3A8C30052495D /* Project object */;
}
